{
  "nodes": {
    "home-manager": {
      "inputs": {
        "nixpkgs": [
          "nixpkgs"
        ]
      },
      "locked": {
        "lastModified": 1768749864,
        "narHash": "sha256-EKRMFBLBRCHrFZ5luX85RTnsN3b2q3FjZEi62vXwJBE=",
        "owner": "nix-community",
        "repo": "home-manager",
        "rev": "5148e08046dc8c74c66b8aee4d302a47d6931b56",
        "type": "github"
      },
      "original": {
        "owner": "nix-community",
        "repo": "home-manager",
        "type": "github"
      }
    },
    "my-home": {
      "flake": false,
      "locked": {
        "lastModified": 1768502970,
        "narHash": "sha256-AMBHBe/cLZrr0bgiyN1/jLKstP1XEA7Ky0BvGwdIh+I=",
        "path": "/home/gabriel/.config/home-manager",
        "type": "path"
      },
      "original": {
        "path": "/home/gabriel/.config/home-manager",
        "type": "path"
      }
    },
    "my-modules": {
      "flake": false,
      "locked": {
        "lastModified": 1768485203,
        "narHash": "sha256-pIdG1vx6YPNE0uxSJMii5OR0wLfVWSkVHrxYsjqjoXw=",
        "path": "/home/gabriel/.config/modules",
        "type": "path"
      },
      "original": {
        "path": "/home/gabriel/.config/modules",
        "type": "path"
      }
    },
    "nixpkgs": {
      "locked": {
        "lastModified": 1768564909,
        "narHash": "sha256-Kell/SpJYVkHWMvnhqJz/8DqQg2b6PguxVWOuadbHCc=",
        "owner": "nixos",
        "repo": "nixpkgs",
        "rev": "e4bae1bd10c9c57b2cf517953ab70060a828ee6f",
        "type": "github"
      },
      "original": {
        "owner": "nixos",
        "ref": "nixos-unstable",
        "repo": "nixpkgs",
        "type": "github"
      }
    },
    "root": {
      "inputs": {
        "home-manager": "home-manager",
        "my-home": "my-home",
        "my-modules": "my-modules",
        "nixpkgs": "nixpkgs"
      }
    }
  },
  "root": "root",
  "version": 7
}
