{
  "nodes": {
    "home-manager": {
      "inputs": {
        "nixpkgs": [
          "nixpkgs"
        ]
      },
      "locked": {
        "lastModified": 1769015285,
        "narHash": "sha256-MlqzCJbckJsgwfkRs64H2xaX2Uxl4o6Z9XYfkYS1N/E=",
        "owner": "nix-community",
        "repo": "home-manager",
        "rev": "ec0247a7a19f641595c24ac1ea4df6461d1cdb36",
        "type": "github"
      },
      "original": {
        "owner": "nix-community",
        "repo": "home-manager",
        "type": "github"
      }
    },
    "my-home": {
      "flake": false,
      "locked": {
        "lastModified": 1769029607,
        "narHash": "sha256-ug96pL/qj+jiXG6W6BclrSpFcZ/2A3BoqSYBAi63Irw=",
        "path": "/home/gabriel/.config/home-manager",
        "type": "path"
      },
      "original": {
        "path": "/home/gabriel/.config/home-manager",
        "type": "path"
      }
    },
    "my-modules": {
      "flake": false,
      "locked": {
        "lastModified": 1769029321,
        "narHash": "sha256-6+X0lJL34BAzw9VXyncnD157bYOB7apUdx2/1rYHY4c=",
        "path": "/home/gabriel/.config/modules",
        "type": "path"
      },
      "original": {
        "path": "/home/gabriel/.config/modules",
        "type": "path"
      }
    },
    "nixpkgs": {
      "locked": {
        "lastModified": 1768886240,
        "narHash": "sha256-C2TjvwYZ2VDxYWeqvvJ5XPPp6U7H66zeJlRaErJKoEM=",
        "owner": "nixos",
        "repo": "nixpkgs",
        "rev": "80e4adbcf8992d3fd27ad4964fbb84907f9478b0",
        "type": "github"
      },
      "original": {
        "owner": "nixos",
        "ref": "nixos-unstable",
        "repo": "nixpkgs",
        "type": "github"
      }
    },
    "root": {
      "inputs": {
        "home-manager": "home-manager",
        "my-home": "my-home",
        "my-modules": "my-modules",
        "nixpkgs": "nixpkgs"
      }
    }
  },
  "root": "root",
  "version": 7
}
